
Microsoft Visual Studio Solution File, Format Version 12.00
# Visual Studio Version 17
VisualStudioVersion = 17.9.34616.47
MinimumVisualStudioVersion = 10.0.40219.1
Project("{2150E333-8FDC-42A3-9474-1A3956D46DE8}") = "src", "src", "{731F3C0D-8B67-4006-BEC3-C958EF525A82}"
EndProject
Project("{2150E333-8FDC-42A3-9474-1A3956D46DE8}") = "Domain", "Domain", "{6D2EF256-2AB2-41A2-9B8E-4240B487FC22}"
EndProject
Project("{FAE04EC0-301F-11D3-BF4B-00C04F79EFBC}") = "Domain", "Domain\Domain.csproj", "{D6E0663F-7B2C-4FEA-9AB0-56E51C3C6CC1}"
EndProject
Project("{2150E333-8FDC-42A3-9474-1A3956D46DE8}") = "Application", "Application", "{BF972AA6-7752-4C16-B449-CF9842A13869}"
EndProject
Project("{FAE04EC0-301F-11D3-BF4B-00C04F79EFBC}") = "Application", "Application\Application.csproj", "{46F9384F-A897-4537-A19B-74CFF79CB3E5}"
EndProject
Project("{2150E333-8FDC-42A3-9474-1A3956D46DE8}") = "Infrastructure", "Infrastructure", "{A92BF19D-74A8-48F0-A6C0-EFDB35A25C7B}"
EndProject
Project("{FAE04EC0-301F-11D3-BF4B-00C04F79EFBC}") = "Infrastructure", "Infrastructure\Infrastructure.csproj", "{0879FA7C-00DE-4393-AA57-E1F32691B44B}"
EndProject
Project("{2150E333-8FDC-42A3-9474-1A3956D46DE8}") = "Web", "Web", "{9257B3CC-47AA-458C-9C87-567C74EF225F}"
EndProject
Project("{FAE04EC0-301F-11D3-BF4B-00C04F79EFBC}") = "WebAPI", "WebAPI\WebAPI.csproj", "{0A8C4B35-E7A2-4CE5-900A-09F3CC74FAE6}"
EndProject
Project("{FAE04EC0-301F-11D3-BF4B-00C04F79EFBC}") = "WebAssembly", "WebAssembly\WebAssembly.csproj", "{1A88B222-AA69-4E43-B162-98D4AF6449B9}"
EndProject
Global
	GlobalSection(SolutionConfigurationPlatforms) = preSolution
		Debug|Any CPU = Debug|Any CPU
		Release|Any CPU = Release|Any CPU
	EndGlobalSection
	GlobalSection(ProjectConfigurationPlatforms) = postSolution
		{D6E0663F-7B2C-4FEA-9AB0-56E51C3C6CC1}.Debug|Any CPU.ActiveCfg = Debug|Any CPU
		{D6E0663F-7B2C-4FEA-9AB0-56E51C3C6CC1}.Debug|Any CPU.Build.0 = Debug|Any CPU
		{D6E0663F-7B2C-4FEA-9AB0-56E51C3C6CC1}.Release|Any CPU.ActiveCfg = Release|Any CPU
		{D6E0663F-7B2C-4FEA-9AB0-56E51C3C6CC1}.Release|Any CPU.Build.0 = Release|Any CPU
		{46F9384F-A897-4537-A19B-74CFF79CB3E5}.Debug|Any CPU.ActiveCfg = Debug|Any CPU
		{46F9384F-A897-4537-A19B-74CFF79CB3E5}.Debug|Any CPU.Build.0 = Debug|Any CPU
		{46F9384F-A897-4537-A19B-74CFF79CB3E5}.Release|Any CPU.ActiveCfg = Release|Any CPU
		{46F9384F-A897-4537-A19B-74CFF79CB3E5}.Release|Any CPU.Build.0 = Release|Any CPU
		{0879FA7C-00DE-4393-AA57-E1F32691B44B}.Debug|Any CPU.ActiveCfg = Debug|Any CPU
		{0879FA7C-00DE-4393-AA57-E1F32691B44B}.Debug|Any CPU.Build.0 = Debug|Any CPU
		{0879FA7C-00DE-4393-AA57-E1F32691B44B}.Release|Any CPU.ActiveCfg = Release|Any CPU
		{0879FA7C-00DE-4393-AA57-E1F32691B44B}.Release|Any CPU.Build.0 = Release|Any CPU
		{0A8C4B35-E7A2-4CE5-900A-09F3CC74FAE6}.Debug|Any CPU.ActiveCfg = Debug|Any CPU
		{0A8C4B35-E7A2-4CE5-900A-09F3CC74FAE6}.Debug|Any CPU.Build.0 = Debug|Any CPU
		{0A8C4B35-E7A2-4CE5-900A-09F3CC74FAE6}.Release|Any CPU.ActiveCfg = Release|Any CPU
		{0A8C4B35-E7A2-4CE5-900A-09F3CC74FAE6}.Release|Any CPU.Build.0 = Release|Any CPU
		{1A88B222-AA69-4E43-B162-98D4AF6449B9}.Debug|Any CPU.ActiveCfg = Debug|Any CPU
		{1A88B222-AA69-4E43-B162-98D4AF6449B9}.Debug|Any CPU.Build.0 = Debug|Any CPU
		{1A88B222-AA69-4E43-B162-98D4AF6449B9}.Release|Any CPU.ActiveCfg = Release|Any CPU
		{1A88B222-AA69-4E43-B162-98D4AF6449B9}.Release|Any CPU.Build.0 = Release|Any CPU
	EndGlobalSection
	GlobalSection(SolutionProperties) = preSolution
		HideSolutionNode = FALSE
	EndGlobalSection
	GlobalSection(NestedProjects) = preSolution
		{6D2EF256-2AB2-41A2-9B8E-4240B487FC22} = {731F3C0D-8B67-4006-BEC3-C958EF525A82}
		{D6E0663F-7B2C-4FEA-9AB0-56E51C3C6CC1} = {6D2EF256-2AB2-41A2-9B8E-4240B487FC22}
		{BF972AA6-7752-4C16-B449-CF9842A13869} = {731F3C0D-8B67-4006-BEC3-C958EF525A82}
		{46F9384F-A897-4537-A19B-74CFF79CB3E5} = {BF972AA6-7752-4C16-B449-CF9842A13869}
		{A92BF19D-74A8-48F0-A6C0-EFDB35A25C7B} = {731F3C0D-8B67-4006-BEC3-C958EF525A82}
		{0879FA7C-00DE-4393-AA57-E1F32691B44B} = {A92BF19D-74A8-48F0-A6C0-EFDB35A25C7B}
		{9257B3CC-47AA-458C-9C87-567C74EF225F} = {731F3C0D-8B67-4006-BEC3-C958EF525A82}
		{0A8C4B35-E7A2-4CE5-900A-09F3CC74FAE6} = {9257B3CC-47AA-458C-9C87-567C74EF225F}
		{1A88B222-AA69-4E43-B162-98D4AF6449B9} = {9257B3CC-47AA-458C-9C87-567C74EF225F}
	EndGlobalSection
	GlobalSection(ExtensibilityGlobals) = postSolution
		SolutionGuid = {D32A34E1-786A-46B5-AD28-1279C7D92527}
	EndGlobalSection
EndGlobal
